
Microsoft Visual Studio Solution File, Format Version 12.00
# Visual Studio Version 17
VisualStudioVersion = 17.8.34309.116
MinimumVisualStudioVersion = 10.0.40219.1
Project("{FAE04EC0-301F-11D3-BF4B-00C04F79EFBC}") = "databasepg", "databasepg\databasepg.csproj", "{72E4497B-CD11-4DE3-AB92-F18C65BC884D}"
EndProject
Project("{FAE04EC0-301F-11D3-BF4B-00C04F79EFBC}") = "Server", "Server\Server.csproj", "{B743F253-9E6A-43AE-BB6D-6F62974432A8}"
EndProject
Global
	GlobalSection(SolutionConfigurationPlatforms) = preSolution
		Debug|Any CPU = Debug|Any CPU
		Release|Any CPU = Release|Any CPU
	EndGlobalSection
	GlobalSection(ProjectConfigurationPlatforms) = postSolution
		{72E4497B-CD11-4DE3-AB92-F18C65BC884D}.Debug|Any CPU.ActiveCfg = Debug|Any CPU
		{72E4497B-CD11-4DE3-AB92-F18C65BC884D}.Debug|Any CPU.Build.0 = Debug|Any CPU
		{72E4497B-CD11-4DE3-AB92-F18C65BC884D}.Release|Any CPU.ActiveCfg = Release|Any CPU
		{72E4497B-CD11-4DE3-AB92-F18C65BC884D}.Release|Any CPU.Build.0 = Release|Any CPU
		{B743F253-9E6A-43AE-BB6D-6F62974432A8}.Debug|Any CPU.ActiveCfg = Debug|Any CPU
		{B743F253-9E6A-43AE-BB6D-6F62974432A8}.Debug|Any CPU.Build.0 = Debug|Any CPU
		{B743F253-9E6A-43AE-BB6D-6F62974432A8}.Release|Any CPU.ActiveCfg = Release|Any CPU
		{B743F253-9E6A-43AE-BB6D-6F62974432A8}.Release|Any CPU.Build.0 = Release|Any CPU
	EndGlobalSection
	GlobalSection(SolutionProperties) = preSolution
		HideSolutionNode = FALSE
	EndGlobalSection
	GlobalSection(ExtensibilityGlobals) = postSolution
		SolutionGuid = {1B39D4AC-A775-486D-9AA1-CF4ECB7AE17E}
	EndGlobalSection
EndGlobal
